{
  "name": "access",
  "lockfileVersion": 2,
  "requires": true,
  "packages": {
    "": {
      "dependencies": {
        "bootstrap": "^5.2.2",
        "convert-csv-to-json": "^1.3.3",
        "csvtojson": "^2.0.10",
        "lit": "^2.4.1",
        "sirv-cli": "^2.0.2"
      }
    },
    "node_modules/@lit/reactive-element": {
      "version": "1.4.2",
      "resolved": "https://registry.npmjs.org/@lit/reactive-element/-/reactive-element-1.4.2.tgz",
      "integrity": "sha512-VMOxsWh/QDwrxPsgkSQnuZ+8mfNy1OTjzzUdLBvvZtpahwPTHTeVZ51RZRqO4xfKVrR+btIPA8D01IL3xeG66w=="
    },
    "node_modules/@polka/url": {
      "version": "1.0.0-next.21",
      "resolved": "https://registry.npmjs.org/@polka/url/-/url-1.0.0-next.21.tgz",
      "integrity": "sha512-a5Sab1C4/icpTZVzZc5Ghpz88yQtGOyNqYXcZgOssB2uuAr+wF/MvN6bgtW32q7HHrvBki+BsZ0OuNv6EV3K9g=="
    },
    "node_modules/@popperjs/core": {
      "version": "2.11.6",
      "resolved": "https://registry.npmjs.org/@popperjs/core/-/core-2.11.6.tgz",
      "integrity": "sha512-50/17A98tWUfQ176raKiOGXuYpLyyVMkxxG6oylzL3BPOlA6ADGdK7EYunSa4I064xerltq9TGXs8HmOk5E+vw==",
      "peer": true,
      "funding": {
        "type": "opencollective",
        "url": "https://opencollective.com/popperjs"
      }
    },
    "node_modules/@types/trusted-types": {
      "version": "2.0.2",
      "resolved": "https://registry.npmjs.org/@types/trusted-types/-/trusted-types-2.0.2.tgz",
      "integrity": "sha512-F5DIZ36YVLE+PN+Zwws4kJogq47hNgX3Nx6WyDJ3kcplxyke3XIzB8uK5n/Lpm1HBsbGzd6nmGehL8cPekP+Tg=="
    },
    "node_modules/bluebird": {
      "version": "3.7.2",
      "resolved": "https://registry.npmjs.org/bluebird/-/bluebird-3.7.2.tgz",
      "integrity": "sha512-XpNj6GDQzdfW+r2Wnn7xiSAd7TM3jzkxGXBGTtWKuSXv1xUV+azxAm8jdWZN06QTQk+2N2XB9jRDkvbmQmcRtg=="
    },
    "node_modules/bootstrap": {
      "version": "5.2.2",
      "resolved": "https://registry.npmjs.org/bootstrap/-/bootstrap-5.2.2.tgz",
      "integrity": "sha512-dEtzMTV71n6Fhmbg4fYJzQsw1N29hJKO1js5ackCgIpDcGid2ETMGC6zwSYw09v05Y+oRdQ9loC54zB1La3hHQ==",
      "funding": [
        {
          "type": "github",
          "url": "https://github.com/sponsors/twbs"
        },
        {
          "type": "opencollective",
          "url": "https://opencollective.com/bootstrap"
        }
      ],
      "peerDependencies": {
        "@popperjs/core": "^2.11.6"
      }
    },
    "node_modules/console-clear": {
      "version": "1.1.1",
      "resolved": "https://registry.npmjs.org/console-clear/-/console-clear-1.1.1.tgz",
      "integrity": "sha512-pMD+MVR538ipqkG5JXeOEbKWS5um1H4LUUccUQG68qpeqBYbzYy79Gh55jkd2TtPdRfUaLWdv6LPP//5Zt0aPQ==",
      "engines": {
        "node": ">=4"
      }
    },
    "node_modules/convert-csv-to-json": {
      "version": "1.3.3",
      "resolved": "https://registry.npmjs.org/convert-csv-to-json/-/convert-csv-to-json-1.3.3.tgz",
      "integrity": "sha512-lIQrCmEw0GCywtVWeJ/AGv5hhSTPsMFdqOf9GcMtActqO2Gt8z1RZgfw9NBOll479cIPM6BqDOFC8R3W7bSwtA=="
    },
    "node_modules/csvtojson": {
      "version": "2.0.10",
      "resolved": "https://registry.npmjs.org/csvtojson/-/csvtojson-2.0.10.tgz",
      "integrity": "sha512-lUWFxGKyhraKCW8Qghz6Z0f2l/PqB1W3AO0HKJzGIQ5JRSlR651ekJDiGJbBT4sRNNv5ddnSGVEnsxP9XRCVpQ==",
      "dependencies": {
        "bluebird": "^3.5.1",
        "lodash": "^4.17.3",
        "strip-bom": "^2.0.0"
      },
      "bin": {
        "csvtojson": "bin/csvtojson"
      },
      "engines": {
        "node": ">=4.0.0"
      }
    },
    "node_modules/get-port": {
      "version": "3.2.0",
      "resolved": "https://registry.npmjs.org/get-port/-/get-port-3.2.0.tgz",
      "integrity": "sha512-x5UJKlgeUiNT8nyo/AcnwLnZuZNcSjSw0kogRB+Whd1fjjFq4B1hySFxSFWWSn4mIBzg3sRNUDFYc4g5gjPoLg==",
      "engines": {
        "node": ">=4"
      }
    },
    "node_modules/is-utf8": {
      "version": "0.2.1",
      "resolved": "https://registry.npmjs.org/is-utf8/-/is-utf8-0.2.1.tgz",
      "integrity": "sha512-rMYPYvCzsXywIsldgLaSoPlw5PfoB/ssr7hY4pLfcodrA5M/eArza1a9VmTiNIBNMjOGr1Ow9mTyU2o69U6U9Q=="
    },
    "node_modules/kleur": {
      "version": "4.1.5",
      "resolved": "https://registry.npmjs.org/kleur/-/kleur-4.1.5.tgz",
      "integrity": "sha512-o+NO+8WrRiQEE4/7nwRJhN1HWpVmJm511pBHUxPLtp0BUISzlBplORYSmTclCnJvQq2tKu/sgl3xVpkc7ZWuQQ==",
      "engines": {
        "node": ">=6"
      }
    },
    "node_modules/lit": {
      "version": "2.4.1",
      "resolved": "https://registry.npmjs.org/lit/-/lit-2.4.1.tgz",
      "integrity": "sha512-qohSgLiyN1cFnJG26dIiY03S4F49857A0AHQfnS0zYtnUVnD2MFvx+UT52rtXsIuNFQrnUupX+zyGSATlk1f/A==",
      "dependencies": {
        "@lit/reactive-element": "^1.4.0",
        "lit-element": "^3.2.0",
        "lit-html": "^2.4.0"
      }
    },
    "node_modules/lit-element": {
      "version": "3.2.2",
      "resolved": "https://registry.npmjs.org/lit-element/-/lit-element-3.2.2.tgz",
      "integrity": "sha512-6ZgxBR9KNroqKb6+htkyBwD90XGRiqKDHVrW/Eh0EZ+l+iC+u+v+w3/BA5NGi4nizAVHGYvQBHUDuSmLjPp7NQ==",
      "dependencies": {
        "@lit/reactive-element": "^1.3.0",
        "lit-html": "^2.2.0"
      }
    },
    "node_modules/lit-html": {
      "version": "2.4.0",
      "resolved": "https://registry.npmjs.org/lit-html/-/lit-html-2.4.0.tgz",
      "integrity": "sha512-G6qXu4JNUpY6aaF2VMfaszhO9hlWw0hOTRFDmuMheg/nDYGB+2RztUSOyrzALAbr8Nh0Y7qjhYkReh3rPnplVg==",
      "dependencies": {
        "@types/trusted-types": "^2.0.2"
      }
    },
    "node_modules/local-access": {
      "version": "1.1.0",
      "resolved": "https://registry.npmjs.org/local-access/-/local-access-1.1.0.tgz",
      "integrity": "sha512-XfegD5pyTAfb+GY6chk283Ox5z8WexG56OvM06RWLpAc/UHozO8X6xAxEkIitZOtsSMM1Yr3DkHgW5W+onLhCw==",
      "engines": {
        "node": ">=6"
      }
    },
    "node_modules/lodash": {
      "version": "4.17.21",
      "resolved": "https://registry.npmjs.org/lodash/-/lodash-4.17.21.tgz",
      "integrity": "sha512-v2kDEe57lecTulaDIuNTPy3Ry4gLGJ6Z1O3vE1krgXZNrsQ+LFTGHVxVjcXPs17LhbZVGedAJv8XZ1tvj5FvSg=="
    },
    "node_modules/mri": {
      "version": "1.2.0",
      "resolved": "https://registry.npmjs.org/mri/-/mri-1.2.0.tgz",
      "integrity": "sha512-tzzskb3bG8LvYGFF/mDTpq3jpI6Q9wc3LEmBaghu+DdCssd1FakN7Bc0hVNmEyGq1bq3RgfkCb3cmQLpNPOroA==",
      "engines": {
        "node": ">=4"
      }
    },
    "node_modules/mrmime": {
      "version": "1.0.1",
      "resolved": "https://registry.npmjs.org/mrmime/-/mrmime-1.0.1.tgz",
      "integrity": "sha512-hzzEagAgDyoU1Q6yg5uI+AorQgdvMCur3FcKf7NhMKWsaYg+RnbTyHRa/9IlLF9rf455MOCtcqqrQQ83pPP7Uw==",
      "engines": {
        "node": ">=10"
      }
    },
    "node_modules/sade": {
      "version": "1.8.1",
      "resolved": "https://registry.npmjs.org/sade/-/sade-1.8.1.tgz",
      "integrity": "sha512-xal3CZX1Xlo/k4ApwCFrHVACi9fBqJ7V+mwhBsuf/1IOKbBy098Fex+Wa/5QMubw09pSZ/u8EY8PWgevJsXp1A==",
      "dependencies": {
        "mri": "^1.1.0"
      },
      "engines": {
        "node": ">=6"
      }
    },
    "node_modules/semiver": {
      "version": "1.1.0",
      "resolved": "https://registry.npmjs.org/semiver/-/semiver-1.1.0.tgz",
      "integrity": "sha512-QNI2ChmuioGC1/xjyYwyZYADILWyW6AmS1UH6gDj/SFUUUS4MBAWs/7mxnkRPc/F4iHezDP+O8t0dO8WHiEOdg==",
      "engines": {
        "node": ">=6"
      }
    },
    "node_modules/sirv": {
      "version": "2.0.2",
      "resolved": "https://registry.npmjs.org/sirv/-/sirv-2.0.2.tgz",
      "integrity": "sha512-4Qog6aE29nIjAOKe/wowFTxOdmbEZKb+3tsLljaBRzJwtqto0BChD2zzH0LhgCSXiI+V7X+Y45v14wBZQ1TK3w==",
      "dependencies": {
        "@polka/url": "^1.0.0-next.20",
        "mrmime": "^1.0.0",
        "totalist": "^3.0.0"
      },
      "engines": {
        "node": ">= 10"
      }
    },
    "node_modules/sirv-cli": {
      "version": "2.0.2",
      "resolved": "https://registry.npmjs.org/sirv-cli/-/sirv-cli-2.0.2.tgz",
      "integrity": "sha512-OtSJDwxsF1NWHc7ps3Sa0s+dPtP15iQNJzfKVz+MxkEo3z72mCD+yu30ct79rPr0CaV1HXSOBp+MIY5uIhHZ1A==",
      "dependencies": {
        "console-clear": "^1.1.0",
        "get-port": "^3.2.0",
        "kleur": "^4.1.4",
        "local-access": "^1.0.1",
        "sade": "^1.6.0",
        "semiver": "^1.0.0",
        "sirv": "^2.0.0",
        "tinydate": "^1.0.0"
      },
      "bin": {
        "sirv": "bin.js"
      },
      "engines": {
        "node": ">= 10"
      }
    },
    "node_modules/strip-bom": {
      "version": "2.0.0",
      "resolved": "https://registry.npmjs.org/strip-bom/-/strip-bom-2.0.0.tgz",
      "integrity": "sha512-kwrX1y7czp1E69n2ajbG65mIo9dqvJ+8aBQXOGVxqwvNbsXdFM6Lq37dLAY3mknUwru8CfcCbfOLL/gMo+fi3g==",
      "dependencies": {
        "is-utf8": "^0.2.0"
      },
      "engines": {
        "node": ">=0.10.0"
      }
    },
    "node_modules/tinydate": {
      "version": "1.3.0",
      "resolved": "https://registry.npmjs.org/tinydate/-/tinydate-1.3.0.tgz",
      "integrity": "sha512-7cR8rLy2QhYHpsBDBVYnnWXm8uRTr38RoZakFSW7Bs7PzfMPNZthuMLkwqZv7MTu8lhQ91cOFYS5a7iFj2oR3w==",
      "engines": {
        "node": ">=4"
      }
    },
    "node_modules/totalist": {
      "version": "3.0.0",
      "resolved": "https://registry.npmjs.org/totalist/-/totalist-3.0.0.tgz",
      "integrity": "sha512-eM+pCBxXO/njtF7vdFsHuqb+ElbxqtI4r5EAvk6grfAFyJ6IvWlSkfZ5T9ozC6xWw3Fj1fGoSmrl0gUs46JVIw==",
      "engines": {
        "node": ">=6"
      }
    }
  },
  "dependencies": {
    "@lit/reactive-element": {
      "version": "1.4.2",
      "resolved": "https://registry.npmjs.org/@lit/reactive-element/-/reactive-element-1.4.2.tgz",
      "integrity": "sha512-VMOxsWh/QDwrxPsgkSQnuZ+8mfNy1OTjzzUdLBvvZtpahwPTHTeVZ51RZRqO4xfKVrR+btIPA8D01IL3xeG66w=="
    },
    "@polka/url": {
      "version": "1.0.0-next.21",
      "resolved": "https://registry.npmjs.org/@polka/url/-/url-1.0.0-next.21.tgz",
      "integrity": "sha512-a5Sab1C4/icpTZVzZc5Ghpz88yQtGOyNqYXcZgOssB2uuAr+wF/MvN6bgtW32q7HHrvBki+BsZ0OuNv6EV3K9g=="
    },
    "@popperjs/core": {
      "version": "2.11.6",
      "resolved": "https://registry.npmjs.org/@popperjs/core/-/core-2.11.6.tgz",
      "integrity": "sha512-50/17A98tWUfQ176raKiOGXuYpLyyVMkxxG6oylzL3BPOlA6ADGdK7EYunSa4I064xerltq9TGXs8HmOk5E+vw==",
      "peer": true
    },
    "@types/trusted-types": {
      "version": "2.0.2",
      "resolved": "https://registry.npmjs.org/@types/trusted-types/-/trusted-types-2.0.2.tgz",
      "integrity": "sha512-F5DIZ36YVLE+PN+Zwws4kJogq47hNgX3Nx6WyDJ3kcplxyke3XIzB8uK5n/Lpm1HBsbGzd6nmGehL8cPekP+Tg=="
    },
    "bluebird": {
      "version": "3.7.2",
      "resolved": "https://registry.npmjs.org/bluebird/-/bluebird-3.7.2.tgz",
      "integrity": "sha512-XpNj6GDQzdfW+r2Wnn7xiSAd7TM3jzkxGXBGTtWKuSXv1xUV+azxAm8jdWZN06QTQk+2N2XB9jRDkvbmQmcRtg=="
    },
    "bootstrap": {
      "version": "5.2.2",
      "resolved": "https://registry.npmjs.org/bootstrap/-/bootstrap-5.2.2.tgz",
      "integrity": "sha512-dEtzMTV71n6Fhmbg4fYJzQsw1N29hJKO1js5ackCgIpDcGid2ETMGC6zwSYw09v05Y+oRdQ9loC54zB1La3hHQ==",
      "requires": {}
    },
    "console-clear": {
      "version": "1.1.1",
      "resolved": "https://registry.npmjs.org/console-clear/-/console-clear-1.1.1.tgz",
      "integrity": "sha512-pMD+MVR538ipqkG5JXeOEbKWS5um1H4LUUccUQG68qpeqBYbzYy79Gh55jkd2TtPdRfUaLWdv6LPP//5Zt0aPQ=="
    },
    "convert-csv-to-json": {
      "version": "1.3.3",
      "resolved": "https://registry.npmjs.org/convert-csv-to-json/-/convert-csv-to-json-1.3.3.tgz",
      "integrity": "sha512-lIQrCmEw0GCywtVWeJ/AGv5hhSTPsMFdqOf9GcMtActqO2Gt8z1RZgfw9NBOll479cIPM6BqDOFC8R3W7bSwtA=="
    },
    "csvtojson": {
      "version": "2.0.10",
      "resolved": "https://registry.npmjs.org/csvtojson/-/csvtojson-2.0.10.tgz",
      "integrity": "sha512-lUWFxGKyhraKCW8Qghz6Z0f2l/PqB1W3AO0HKJzGIQ5JRSlR651ekJDiGJbBT4sRNNv5ddnSGVEnsxP9XRCVpQ==",
      "requires": {
        "bluebird": "^3.5.1",
        "lodash": "^4.17.3",
        "strip-bom": "^2.0.0"
      }
    },
    "get-port": {
      "version": "3.2.0",
      "resolved": "https://registry.npmjs.org/get-port/-/get-port-3.2.0.tgz",
      "integrity": "sha512-x5UJKlgeUiNT8nyo/AcnwLnZuZNcSjSw0kogRB+Whd1fjjFq4B1hySFxSFWWSn4mIBzg3sRNUDFYc4g5gjPoLg=="
    },
    "is-utf8": {
      "version": "0.2.1",
      "resolved": "https://registry.npmjs.org/is-utf8/-/is-utf8-0.2.1.tgz",
      "integrity": "sha512-rMYPYvCzsXywIsldgLaSoPlw5PfoB/ssr7hY4pLfcodrA5M/eArza1a9VmTiNIBNMjOGr1Ow9mTyU2o69U6U9Q=="
    },
    "kleur": {
      "version": "4.1.5",
      "resolved": "https://registry.npmjs.org/kleur/-/kleur-4.1.5.tgz",
      "integrity": "sha512-o+NO+8WrRiQEE4/7nwRJhN1HWpVmJm511pBHUxPLtp0BUISzlBplORYSmTclCnJvQq2tKu/sgl3xVpkc7ZWuQQ=="
    },
    "lit": {
      "version": "2.4.1",
      "resolved": "https://registry.npmjs.org/lit/-/lit-2.4.1.tgz",
      "integrity": "sha512-qohSgLiyN1cFnJG26dIiY03S4F49857A0AHQfnS0zYtnUVnD2MFvx+UT52rtXsIuNFQrnUupX+zyGSATlk1f/A==",
      "requires": {
        "@lit/reactive-element": "^1.4.0",
        "lit-element": "^3.2.0",
        "lit-html": "^2.4.0"
      }
    },
    "lit-element": {
      "version": "3.2.2",
      "resolved": "https://registry.npmjs.org/lit-element/-/lit-element-3.2.2.tgz",
      "integrity": "sha512-6ZgxBR9KNroqKb6+htkyBwD90XGRiqKDHVrW/Eh0EZ+l+iC+u+v+w3/BA5NGi4nizAVHGYvQBHUDuSmLjPp7NQ==",
      "requires": {
        "@lit/reactive-element": "^1.3.0",
        "lit-html": "^2.2.0"
      }
    },
    "lit-html": {
      "version": "2.4.0",
      "resolved": "https://registry.npmjs.org/lit-html/-/lit-html-2.4.0.tgz",
      "integrity": "sha512-G6qXu4JNUpY6aaF2VMfaszhO9hlWw0hOTRFDmuMheg/nDYGB+2RztUSOyrzALAbr8Nh0Y7qjhYkReh3rPnplVg==",
      "requires": {
        "@types/trusted-types": "^2.0.2"
      }
    },
    "local-access": {
      "version": "1.1.0",
      "resolved": "https://registry.npmjs.org/local-access/-/local-access-1.1.0.tgz",
      "integrity": "sha512-XfegD5pyTAfb+GY6chk283Ox5z8WexG56OvM06RWLpAc/UHozO8X6xAxEkIitZOtsSMM1Yr3DkHgW5W+onLhCw=="
    },
    "lodash": {
      "version": "4.17.21",
      "resolved": "https://registry.npmjs.org/lodash/-/lodash-4.17.21.tgz",
      "integrity": "sha512-v2kDEe57lecTulaDIuNTPy3Ry4gLGJ6Z1O3vE1krgXZNrsQ+LFTGHVxVjcXPs17LhbZVGedAJv8XZ1tvj5FvSg=="
    },
    "mri": {
      "version": "1.2.0",
      "resolved": "https://registry.npmjs.org/mri/-/mri-1.2.0.tgz",
      "integrity": "sha512-tzzskb3bG8LvYGFF/mDTpq3jpI6Q9wc3LEmBaghu+DdCssd1FakN7Bc0hVNmEyGq1bq3RgfkCb3cmQLpNPOroA=="
    },
    "mrmime": {
      "version": "1.0.1",
      "resolved": "https://registry.npmjs.org/mrmime/-/mrmime-1.0.1.tgz",
      "integrity": "sha512-hzzEagAgDyoU1Q6yg5uI+AorQgdvMCur3FcKf7NhMKWsaYg+RnbTyHRa/9IlLF9rf455MOCtcqqrQQ83pPP7Uw=="
    },
    "sade": {
      "version": "1.8.1",
      "resolved": "https://registry.npmjs.org/sade/-/sade-1.8.1.tgz",
      "integrity": "sha512-xal3CZX1Xlo/k4ApwCFrHVACi9fBqJ7V+mwhBsuf/1IOKbBy098Fex+Wa/5QMubw09pSZ/u8EY8PWgevJsXp1A==",
      "requires": {
        "mri": "^1.1.0"
      }
    },
    "semiver": {
      "version": "1.1.0",
      "resolved": "https://registry.npmjs.org/semiver/-/semiver-1.1.0.tgz",
      "integrity": "sha512-QNI2ChmuioGC1/xjyYwyZYADILWyW6AmS1UH6gDj/SFUUUS4MBAWs/7mxnkRPc/F4iHezDP+O8t0dO8WHiEOdg=="
    },
    "sirv": {
      "version": "2.0.2",
      "resolved": "https://registry.npmjs.org/sirv/-/sirv-2.0.2.tgz",
      "integrity": "sha512-4Qog6aE29nIjAOKe/wowFTxOdmbEZKb+3tsLljaBRzJwtqto0BChD2zzH0LhgCSXiI+V7X+Y45v14wBZQ1TK3w==",
      "requires": {
        "@polka/url": "^1.0.0-next.20",
        "mrmime": "^1.0.0",
        "totalist": "^3.0.0"
      }
    },
    "sirv-cli": {
      "version": "2.0.2",
      "resolved": "https://registry.npmjs.org/sirv-cli/-/sirv-cli-2.0.2.tgz",
      "integrity": "sha512-OtSJDwxsF1NWHc7ps3Sa0s+dPtP15iQNJzfKVz+MxkEo3z72mCD+yu30ct79rPr0CaV1HXSOBp+MIY5uIhHZ1A==",
      "requires": {
        "console-clear": "^1.1.0",
        "get-port": "^3.2.0",
        "kleur": "^4.1.4",
        "local-access": "^1.0.1",
        "sade": "^1.6.0",
        "semiver": "^1.0.0",
        "sirv": "^2.0.0",
        "tinydate": "^1.0.0"
      }
    },
    "strip-bom": {
      "version": "2.0.0",
      "resolved": "https://registry.npmjs.org/strip-bom/-/strip-bom-2.0.0.tgz",
      "integrity": "sha512-kwrX1y7czp1E69n2ajbG65mIo9dqvJ+8aBQXOGVxqwvNbsXdFM6Lq37dLAY3mknUwru8CfcCbfOLL/gMo+fi3g==",
      "requires": {
        "is-utf8": "^0.2.0"
      }
    },
    "tinydate": {
      "version": "1.3.0",
      "resolved": "https://registry.npmjs.org/tinydate/-/tinydate-1.3.0.tgz",
      "integrity": "sha512-7cR8rLy2QhYHpsBDBVYnnWXm8uRTr38RoZakFSW7Bs7PzfMPNZthuMLkwqZv7MTu8lhQ91cOFYS5a7iFj2oR3w=="
    },
    "totalist": {
      "version": "3.0.0",
      "resolved": "https://registry.npmjs.org/totalist/-/totalist-3.0.0.tgz",
      "integrity": "sha512-eM+pCBxXO/njtF7vdFsHuqb+ElbxqtI4r5EAvk6grfAFyJ6IvWlSkfZ5T9ozC6xWw3Fj1fGoSmrl0gUs46JVIw=="
    }
  }
}
